
Microsoft Visual Studio Solution File, Format Version 12.00
# Visual Studio Version 16
VisualStudioVersion = 16.0.29215.179
MinimumVisualStudioVersion = 10.0.40219.1
Project("{FAE04EC0-301F-11D3-BF4B-00C04F79EFBC}") = "TallerArchivoVectores", "TallerArchivoVectores.csproj", "{FD6D2049-E6D1-4C09-B305-083F3208C13A}"
EndProject
Global
	GlobalSection(SolutionConfigurationPlatforms) = preSolution
		Debug|Any CPU = Debug|Any CPU
		Release|Any CPU = Release|Any CPU
	EndGlobalSection
	GlobalSection(ProjectConfigurationPlatforms) = postSolution
		{FD6D2049-E6D1-4C09-B305-083F3208C13A}.Debug|Any CPU.ActiveCfg = Debug|Any CPU
		{FD6D2049-E6D1-4C09-B305-083F3208C13A}.Debug|Any CPU.Build.0 = Debug|Any CPU
		{FD6D2049-E6D1-4C09-B305-083F3208C13A}.Release|Any CPU.ActiveCfg = Release|Any CPU
		{FD6D2049-E6D1-4C09-B305-083F3208C13A}.Release|Any CPU.Build.0 = Release|Any CPU
	EndGlobalSection
	GlobalSection(SolutionProperties) = preSolution
		HideSolutionNode = FALSE
	EndGlobalSection
	GlobalSection(ExtensibilityGlobals) = postSolution
		SolutionGuid = {5FC7EBCE-0A41-4306-B3EF-4317A74D99AC}
	EndGlobalSection
EndGlobal
